# This file is autogenerated, do not edit; changes may be undone by the next 'dep ensure'.


[[projects]]
  name = "github.com/go-redis/redis"
  packages = [".","internal","internal/consistenthash","internal/hashtag","internal/pool","internal/proto","internal/util"]
  revision = "17c058513b3e03c5e23136c18582fdd8ac8a3645"
  version = "v6.15.5"

[[projects]]
  name = "github.com/gopcua/opcua"
  packages = [".","debug","id","ua","uacp","uapolicy","uasc"]
  revision = "553a90f27b81370cb5fc5571104dbdbfdf31a9fd"
  version = "v0.1.5"

[[projects]]
  name = "github.com/gorilla/mux"
  packages = ["."]
  revision = "00bdffe0f3c77e27d2cf6f5c70232a2d3e4d9c15"
  version = "v1.7.3"

[[projects]]
  name = "github.com/gorilla/websocket"
  packages = ["."]
  revision = "c3e18be99d19e6b3e8f1559eea2c161a665c4b6b"
  version = "v1.4.1"

[[projects]]
  branch = "master"
  name = "github.com/influxdata/influxdb1-client"
  packages = [".","models","pkg/escape","v2"]
  revision = "fc22c7df067eefd070157f157893fbce961d6359"

[[projects]]
  name = "github.com/nats-io/nats.go"
  packages = [".","encoders/builtin","util"]
  revision = "e2837a2879e82886f6e21715e3a0217fdc46d370"
  version = "v1.8.1"

[[projects]]
  name = "github.com/nats-io/nkeys"
  packages = ["."]
  revision = "0073b400419be3ffb022ef46b675805e92534a34"
  version = "v0.1.0"

[[projects]]
  name = "github.com/nats-io/nuid"
  packages = ["."]
  revision = "4b96681fa6d28dd0ab5fe79bac63b3a493d9ee94"
  version = "v1.0.1"

[[projects]]
  branch = "master"
  name = "golang.org/x/crypto"
  packages = ["ed25519","ed25519/internal/edwards25519"]
  revision = "a832865fa7ada6126f4c6124ac49f71be71bff2a"

[solve-meta]
  analyzer-name = "dep"
  analyzer-version = 1
  inputs-digest = "6ef0b6bdcbe96d04047bd4e32e54f3fb8c6ed9f0588d0504f69b61e0e1f9a480"
  solver-name = "gps-cdcl"
  solver-version = 1
