# This file is autogenerated, do not edit; changes may be undone by the next 'dep ensure'.


[[projects]]
  name = "github.com/gopcua/opcua"
  packages = [".","debug","id","ua","uacp","uapolicy","uasc"]
  revision = "553a90f27b81370cb5fc5571104dbdbfdf31a9fd"
  version = "v0.1.5"

[solve-meta]
  analyzer-name = "dep"
  analyzer-version = 1
  inputs-digest = "9d9f0ed89819b0a7b31428731f87de4ffe0800b4041d006c28cdb0bb65e2d823"
  solver-name = "gps-cdcl"
  solver-version = 1
